
Microsoft Visual Studio Solution File, Format Version 12.00
# Visual Studio Version 17
VisualStudioVersion = 17.10.35122.118
MinimumVisualStudioVersion = 10.0.40219.1
Project("{9A19103F-16F7-4668-BE54-9A1E7A4F7556}") = "VSENDS", "VSENDS.csproj", "{A6428E58-7D73-495E-B32E-BCB43EA4FD34}"
EndProject
Global
	GlobalSection(SolutionConfigurationPlatforms) = preSolution
		Debug|Any CPU = Debug|Any CPU
		Release|Any CPU = Release|Any CPU
	EndGlobalSection
	GlobalSection(ProjectConfigurationPlatforms) = postSolution
		{A6428E58-7D73-495E-B32E-BCB43EA4FD34}.Debug|Any CPU.ActiveCfg = Debug|Any CPU
		{A6428E58-7D73-495E-B32E-BCB43EA4FD34}.Debug|Any CPU.Build.0 = Debug|Any CPU
		{A6428E58-7D73-495E-B32E-BCB43EA4FD34}.Release|Any CPU.ActiveCfg = Release|Any CPU
		{A6428E58-7D73-495E-B32E-BCB43EA4FD34}.Release|Any CPU.Build.0 = Release|Any CPU
	EndGlobalSection
	GlobalSection(SolutionProperties) = preSolution
		HideSolutionNode = FALSE
	EndGlobalSection
	GlobalSection(ExtensibilityGlobals) = postSolution
		SolutionGuid = {26CAE0C2-B5BA-4216-B68F-BC03017E295F}
	EndGlobalSection
EndGlobal
